// !$*UTF8*$!
{
	archiveVersion = 1;
	classes = {
	};
	objectVersion = 56;
	objects = {

/* Begin PBXBuildFile section */
		883049912A2119390058FBE8 /* CreateEventViewController.swift in Sources */ = {isa = PBXBuildFile; fileRef = 883049902A2119390058FBE8 /* CreateEventViewController.swift */; };
		883846AA2A24FF9400B0DB54 /* TrackerCollectionView.swift in Sources */ = {isa = PBXBuildFile; fileRef = 883846A92A24FF9400B0DB54 /* TrackerCollectionView.swift */; };
		883846AC2A24FFEB00B0DB54 /* TrackerSupplementaryView.swift in Sources */ = {isa = PBXBuildFile; fileRef = 883846AB2A24FFEB00B0DB54 /* TrackerSupplementaryView.swift */; };
		883846AF2A25007B00B0DB54 /* CategoryViewController.swift in Sources */ = {isa = PBXBuildFile; fileRef = 883846AE2A25007B00B0DB54 /* CategoryViewController.swift */; };
		883846B42A25024C00B0DB54 /* ScheduleViewController.swift in Sources */ = {isa = PBXBuildFile; fileRef = 883846B32A25024C00B0DB54 /* ScheduleViewController.swift */; };
		883846B62A2502EA00B0DB54 /* WeekDayViewCell.swift in Sources */ = {isa = PBXBuildFile; fileRef = 883846B52A2502EA00B0DB54 /* WeekDayViewCell.swift */; };
		885A05BF2A3255CE00A6E681 /* OnboardingViewController.swift in Sources */ = {isa = PBXBuildFile; fileRef = 885A05BE2A3255CE00A6E681 /* OnboardingViewController.swift */; };
		885A05C22A325F2C00A6E681 /* CreateCategoryViewController.swift in Sources */ = {isa = PBXBuildFile; fileRef = 885A05C12A325F2C00A6E681 /* CreateCategoryViewController.swift */; };
		885A05C42A325F7A00A6E681 /* EditCategoryViewController.swift in Sources */ = {isa = PBXBuildFile; fileRef = 885A05C32A325F7A00A6E681 /* EditCategoryViewController.swift */; };
		885A05C62A32601900A6E681 /* CategoryTableViewCell.swift in Sources */ = {isa = PBXBuildFile; fileRef = 885A05C52A32601900A6E681 /* CategoryTableViewCell.swift */; };
		885A05C82A32605D00A6E681 /* CategoryListView.swift in Sources */ = {isa = PBXBuildFile; fileRef = 885A05C72A32605D00A6E681 /* CategoryListView.swift */; };
		885A05CA2A3260AA00A6E681 /* CategoryListViewModel.swift in Sources */ = {isa = PBXBuildFile; fileRef = 885A05C92A3260AA00A6E681 /* CategoryListViewModel.swift */; };
		885AF3DA2A123E5600A4E68F /* DayOfWeek.swift in Sources */ = {isa = PBXBuildFile; fileRef = 885AF3D92A123E5600A4E68F /* DayOfWeek.swift */; };
		885AF3DC2A123E9B00A4E68F /* TrackerCategory.swift in Sources */ = {isa = PBXBuildFile; fileRef = 885AF3DB2A123E9B00A4E68F /* TrackerCategory.swift */; };
		885AF3DE2A123F0F00A4E68F /* Tracker.swift in Sources */ = {isa = PBXBuildFile; fileRef = 885AF3DD2A123F0F00A4E68F /* Tracker.swift */; };
		885AF3EF2A13834900A4E68F /* ColorConvert.swift in Sources */ = {isa = PBXBuildFile; fileRef = 885AF3EE2A13834900A4E68F /* ColorConvert.swift */; };
		8885FFDD2A27BE2D00F686B2 /* TrackerLibrary.xcdatamodeld in Sources */ = {isa = PBXBuildFile; fileRef = 8885FFDB2A27BE2D00F686B2 /* TrackerLibrary.xcdatamodeld */; };
		8885FFE02A27BE7300F686B2 /* TrackerStore.swift in Sources */ = {isa = PBXBuildFile; fileRef = 8885FFDF2A27BE7300F686B2 /* TrackerStore.swift */; };
		8885FFE22A27BEBE00F686B2 /* TrackerCategoryStore.swift in Sources */ = {isa = PBXBuildFile; fileRef = 8885FFE12A27BEBE00F686B2 /* TrackerCategoryStore.swift */; };
		8885FFE42A27BEEA00F686B2 /* TrackerRecordStore.swift in Sources */ = {isa = PBXBuildFile; fileRef = 8885FFE32A27BEEA00F686B2 /* TrackerRecordStore.swift */; };
		8885FFE62A27BF1000F686B2 /* DatabaseManager.swift in Sources */ = {isa = PBXBuildFile; fileRef = 8885FFE52A27BF1000F686B2 /* DatabaseManager.swift */; };
		8885FFE92A27C3D500F686B2 /* TrackerEmojiColorView.swift in Sources */ = {isa = PBXBuildFile; fileRef = 8885FFE82A27C3D500F686B2 /* TrackerEmojiColorView.swift */; };
		8885FFEB2A27C45F00F686B2 /* TrackerEmojiColorSupplementaryView.swift in Sources */ = {isa = PBXBuildFile; fileRef = 8885FFEA2A27C45F00F686B2 /* TrackerEmojiColorSupplementaryView.swift */; };
		88EE50FE2A0A41370071F3FA /* AppDelegate.swift in Sources */ = {isa = PBXBuildFile; fileRef = 88EE50FD2A0A41370071F3FA /* AppDelegate.swift */; };
		88EE51002A0A41370071F3FA /* SceneDelegate.swift in Sources */ = {isa = PBXBuildFile; fileRef = 88EE50FF2A0A41370071F3FA /* SceneDelegate.swift */; };
		88EE51052A0A41370071F3FA /* Main.storyboard in Resources */ = {isa = PBXBuildFile; fileRef = 88EE51032A0A41370071F3FA /* Main.storyboard */; };
		88EE51072A0A413B0071F3FA /* Assets.xcassets in Resources */ = {isa = PBXBuildFile; fileRef = 88EE51062A0A413B0071F3FA /* Assets.xcassets */; };
		88EE510A2A0A413B0071F3FA /* LaunchScreen.storyboard in Resources */ = {isa = PBXBuildFile; fileRef = 88EE51082A0A413B0071F3FA /* LaunchScreen.storyboard */; };
		88EE51122A0A418F0071F3FA /* TextField.swift in Sources */ = {isa = PBXBuildFile; fileRef = 88EE51112A0A418F0071F3FA /* TextField.swift */; };
		88EE51142A0A41CF0071F3FA /* UIColors.swift in Sources */ = {isa = PBXBuildFile; fileRef = 88EE51132A0A41CF0071F3FA /* UIColors.swift */; };
		88EE51172A0A42570071F3FA /* TabBarViewController.swift in Sources */ = {isa = PBXBuildFile; fileRef = 88EE51162A0A42570071F3FA /* TabBarViewController.swift */; };
		88EE51192A0A429F0071F3FA /* StatisticsViewController.swift in Sources */ = {isa = PBXBuildFile; fileRef = 88EE51182A0A429F0071F3FA /* StatisticsViewController.swift */; };
		88EE51242A0A44070071F3FA /* CreateTrackerViewController.swift in Sources */ = {isa = PBXBuildFile; fileRef = 88EE51232A0A44070071F3FA /* CreateTrackerViewController.swift */; };
		88EE51262A0A446B0071F3FA /* TrackerViewController.swift in Sources */ = {isa = PBXBuildFile; fileRef = 88EE51252A0A446B0071F3FA /* TrackerViewController.swift */; };
/* End PBXBuildFile section */

/* Begin PBXFileReference section */
		883049902A2119390058FBE8 /* CreateEventViewController.swift */ = {isa = PBXFileReference; lastKnownFileType = sourcecode.swift; path = CreateEventViewController.swift; sourceTree = "<group>"; };
		883846A92A24FF9400B0DB54 /* TrackerCollectionView.swift */ = {isa = PBXFileReference; lastKnownFileType = sourcecode.swift; path = TrackerCollectionView.swift; sourceTree = "<group>"; };
		883846AB2A24FFEB00B0DB54 /* TrackerSupplementaryView.swift */ = {isa = PBXFileReference; lastKnownFileType = sourcecode.swift; path = TrackerSupplementaryView.swift; sourceTree = "<group>"; };
		883846AE2A25007B00B0DB54 /* CategoryViewController.swift */ = {isa = PBXFileReference; lastKnownFileType = sourcecode.swift; path = CategoryViewController.swift; sourceTree = "<group>"; };
		883846B32A25024C00B0DB54 /* ScheduleViewController.swift */ = {isa = PBXFileReference; lastKnownFileType = sourcecode.swift; path = ScheduleViewController.swift; sourceTree = "<group>"; };
		883846B52A2502EA00B0DB54 /* WeekDayViewCell.swift */ = {isa = PBXFileReference; lastKnownFileType = sourcecode.swift; path = WeekDayViewCell.swift; sourceTree = "<group>"; };
		885A05BE2A3255CE00A6E681 /* OnboardingViewController.swift */ = {isa = PBXFileReference; lastKnownFileType = sourcecode.swift; path = OnboardingViewController.swift; sourceTree = "<group>"; };
		885A05C12A325F2C00A6E681 /* CreateCategoryViewController.swift */ = {isa = PBXFileReference; lastKnownFileType = sourcecode.swift; path = CreateCategoryViewController.swift; sourceTree = "<group>"; };
		885A05C32A325F7A00A6E681 /* EditCategoryViewController.swift */ = {isa = PBXFileReference; lastKnownFileType = sourcecode.swift; path = EditCategoryViewController.swift; sourceTree = "<group>"; };
		885A05C52A32601900A6E681 /* CategoryTableViewCell.swift */ = {isa = PBXFileReference; lastKnownFileType = sourcecode.swift; path = CategoryTableViewCell.swift; sourceTree = "<group>"; };
		885A05C72A32605D00A6E681 /* CategoryListView.swift */ = {isa = PBXFileReference; lastKnownFileType = sourcecode.swift; path = CategoryListView.swift; sourceTree = "<group>"; };
		885A05C92A3260AA00A6E681 /* CategoryListViewModel.swift */ = {isa = PBXFileReference; lastKnownFileType = sourcecode.swift; path = CategoryListViewModel.swift; sourceTree = "<group>"; };
		885AF3D92A123E5600A4E68F /* DayOfWeek.swift */ = {isa = PBXFileReference; lastKnownFileType = sourcecode.swift; path = DayOfWeek.swift; sourceTree = "<group>"; };
		885AF3DB2A123E9B00A4E68F /* TrackerCategory.swift */ = {isa = PBXFileReference; lastKnownFileType = sourcecode.swift; path = TrackerCategory.swift; sourceTree = "<group>"; };
		885AF3DD2A123F0F00A4E68F /* Tracker.swift */ = {isa = PBXFileReference; lastKnownFileType = sourcecode.swift; path = Tracker.swift; sourceTree = "<group>"; };
		885AF3EE2A13834900A4E68F /* ColorConvert.swift */ = {isa = PBXFileReference; lastKnownFileType = sourcecode.swift; path = ColorConvert.swift; sourceTree = "<group>"; };
		8885FFDC2A27BE2D00F686B2 /* TrackerLibrary.xcdatamodel */ = {isa = PBXFileReference; lastKnownFileType = wrapper.xcdatamodel; path = TrackerLibrary.xcdatamodel; sourceTree = "<group>"; };
		8885FFDF2A27BE7300F686B2 /* TrackerStore.swift */ = {isa = PBXFileReference; lastKnownFileType = sourcecode.swift; path = TrackerStore.swift; sourceTree = "<group>"; };
		8885FFE12A27BEBE00F686B2 /* TrackerCategoryStore.swift */ = {isa = PBXFileReference; lastKnownFileType = sourcecode.swift; path = TrackerCategoryStore.swift; sourceTree = "<group>"; };
		8885FFE32A27BEEA00F686B2 /* TrackerRecordStore.swift */ = {isa = PBXFileReference; lastKnownFileType = sourcecode.swift; path = TrackerRecordStore.swift; sourceTree = "<group>"; };
		8885FFE52A27BF1000F686B2 /* DatabaseManager.swift */ = {isa = PBXFileReference; lastKnownFileType = sourcecode.swift; path = DatabaseManager.swift; sourceTree = "<group>"; };
		8885FFE82A27C3D500F686B2 /* TrackerEmojiColorView.swift */ = {isa = PBXFileReference; lastKnownFileType = sourcecode.swift; path = TrackerEmojiColorView.swift; sourceTree = "<group>"; };
		8885FFEA2A27C45F00F686B2 /* TrackerEmojiColorSupplementaryView.swift */ = {isa = PBXFileReference; lastKnownFileType = sourcecode.swift; path = TrackerEmojiColorSupplementaryView.swift; sourceTree = "<group>"; };
		88EE50FA2A0A41370071F3FA /* TrackerPracticum.app */ = {isa = PBXFileReference; explicitFileType = wrapper.application; includeInIndex = 0; path = TrackerPracticum.app; sourceTree = BUILT_PRODUCTS_DIR; };
		88EE50FD2A0A41370071F3FA /* AppDelegate.swift */ = {isa = PBXFileReference; lastKnownFileType = sourcecode.swift; path = AppDelegate.swift; sourceTree = "<group>"; };
		88EE50FF2A0A41370071F3FA /* SceneDelegate.swift */ = {isa = PBXFileReference; lastKnownFileType = sourcecode.swift; path = SceneDelegate.swift; sourceTree = "<group>"; };
		88EE51042A0A41370071F3FA /* Base */ = {isa = PBXFileReference; lastKnownFileType = file.storyboard; name = Base; path = Base.lproj/Main.storyboard; sourceTree = "<group>"; };
		88EE51062A0A413B0071F3FA /* Assets.xcassets */ = {isa = PBXFileReference; lastKnownFileType = folder.assetcatalog; path = Assets.xcassets; sourceTree = "<group>"; };
		88EE51092A0A413B0071F3FA /* Base */ = {isa = PBXFileReference; lastKnownFileType = file.storyboard; name = Base; path = Base.lproj/LaunchScreen.storyboard; sourceTree = "<group>"; };
		88EE510B2A0A413B0071F3FA /* Info.plist */ = {isa = PBXFileReference; lastKnownFileType = text.plist.xml; path = Info.plist; sourceTree = "<group>"; };
		88EE51112A0A418F0071F3FA /* TextField.swift */ = {isa = PBXFileReference; lastKnownFileType = sourcecode.swift; path = TextField.swift; sourceTree = "<group>"; };
		88EE51132A0A41CF0071F3FA /* UIColors.swift */ = {isa = PBXFileReference; lastKnownFileType = sourcecode.swift; path = UIColors.swift; sourceTree = "<group>"; };
		88EE51162A0A42570071F3FA /* TabBarViewController.swift */ = {isa = PBXFileReference; lastKnownFileType = sourcecode.swift; path = TabBarViewController.swift; sourceTree = "<group>"; };
		88EE51182A0A429F0071F3FA /* StatisticsViewController.swift */ = {isa = PBXFileReference; lastKnownFileType = sourcecode.swift; path = StatisticsViewController.swift; sourceTree = "<group>"; };
		88EE51232A0A44070071F3FA /* CreateTrackerViewController.swift */ = {isa = PBXFileReference; lastKnownFileType = sourcecode.swift; path = CreateTrackerViewController.swift; sourceTree = "<group>"; };
		88EE51252A0A446B0071F3FA /* TrackerViewController.swift */ = {isa = PBXFileReference; lastKnownFileType = sourcecode.swift; path = TrackerViewController.swift; sourceTree = "<group>"; };
/* End PBXFileReference section */

/* Begin PBXFrameworksBuildPhase section */
		88EE50F72A0A41370071F3FA /* Frameworks */ = {
			isa = PBXFrameworksBuildPhase;
			buildActionMask = 2147483647;
			files = (
			);
			runOnlyForDeploymentPostprocessing = 0;
		};
/* End PBXFrameworksBuildPhase section */

/* Begin PBXGroup section */
		883846A82A24FF5D00B0DB54 /* TrackerCollection */ = {
			isa = PBXGroup;
			children = (
				883846A92A24FF9400B0DB54 /* TrackerCollectionView.swift */,
				883846AB2A24FFEB00B0DB54 /* TrackerSupplementaryView.swift */,
				8885FFE82A27C3D500F686B2 /* TrackerEmojiColorView.swift */,
				8885FFEA2A27C45F00F686B2 /* TrackerEmojiColorSupplementaryView.swift */,
			);
			path = TrackerCollection;
			sourceTree = "<group>";
		};
		883846AD2A25002900B0DB54 /* TrackerCategory */ = {
			isa = PBXGroup;
			children = (
				883846AE2A25007B00B0DB54 /* CategoryViewController.swift */,
				885A05C12A325F2C00A6E681 /* CreateCategoryViewController.swift */,
				885A05C32A325F7A00A6E681 /* EditCategoryViewController.swift */,
				885A05C52A32601900A6E681 /* CategoryTableViewCell.swift */,
				885A05C72A32605D00A6E681 /* CategoryListView.swift */,
				885A05C92A3260AA00A6E681 /* CategoryListViewModel.swift */,
			);
			path = TrackerCategory;
			sourceTree = "<group>";
		};
		883846B22A25021100B0DB54 /* TrackerSchedule */ = {
			isa = PBXGroup;
			children = (
				883846B32A25024C00B0DB54 /* ScheduleViewController.swift */,
				883846B52A2502EA00B0DB54 /* WeekDayViewCell.swift */,
			);
			path = TrackerSchedule;
			sourceTree = "<group>";
		};
		885A05BD2A3255B200A6E681 /* TrackerOnboarding */ = {
			isa = PBXGroup;
			children = (
				885A05BE2A3255CE00A6E681 /* OnboardingViewController.swift */,
			);
			path = TrackerOnboarding;
			sourceTree = "<group>";
		};
		8885FFDE2A27BE5B00F686B2 /* CoreData */ = {
			isa = PBXGroup;
			children = (
				8885FFDB2A27BE2D00F686B2 /* TrackerLibrary.xcdatamodeld */,
				8885FFDF2A27BE7300F686B2 /* TrackerStore.swift */,
				8885FFE12A27BEBE00F686B2 /* TrackerCategoryStore.swift */,
				8885FFE32A27BEEA00F686B2 /* TrackerRecordStore.swift */,
				8885FFE52A27BF1000F686B2 /* DatabaseManager.swift */,
			);
			path = CoreData;
			sourceTree = "<group>";
		};
		8885FFEC2A28D22900F686B2 /* TrackerCreation */ = {
			isa = PBXGroup;
			children = (
				883049902A2119390058FBE8 /* CreateEventViewController.swift */,
				88EE51232A0A44070071F3FA /* CreateTrackerViewController.swift */,
			);
			path = TrackerCreation;
			sourceTree = "<group>";
		};
		88EE50F12A0A41370071F3FA = {
			isa = PBXGroup;
			children = (
				88EE50FC2A0A41370071F3FA /* TrackerPracticum */,
				88EE50FB2A0A41370071F3FA /* Products */,
			);
			sourceTree = "<group>";
		};
		88EE50FB2A0A41370071F3FA /* Products */ = {
			isa = PBXGroup;
			children = (
				88EE50FA2A0A41370071F3FA /* TrackerPracticum.app */,
			);
			name = Products;
			sourceTree = "<group>";
		};
		88EE50FC2A0A41370071F3FA /* TrackerPracticum */ = {
			isa = PBXGroup;
			children = (
				88EE511A2A0A42D30071F3FA /* Main */,
				88EE51152A0A42060071F3FA /* Tools */,
				88EE50FD2A0A41370071F3FA /* AppDelegate.swift */,
				88EE50FF2A0A41370071F3FA /* SceneDelegate.swift */,
				88EE51032A0A41370071F3FA /* Main.storyboard */,
				88EE51062A0A413B0071F3FA /* Assets.xcassets */,
				88EE51082A0A413B0071F3FA /* LaunchScreen.storyboard */,
				88EE510B2A0A413B0071F3FA /* Info.plist */,
			);
			path = TrackerPracticum;
			sourceTree = "<group>";
		};
		88EE51152A0A42060071F3FA /* Tools */ = {
			isa = PBXGroup;
			children = (
				88EE51272A0A447B0071F3FA /* Models */,
				88EE51132A0A41CF0071F3FA /* UIColors.swift */,
				885AF3EE2A13834900A4E68F /* ColorConvert.swift */,
				88EE51112A0A418F0071F3FA /* TextField.swift */,
			);
			path = Tools;
			sourceTree = "<group>";
		};
		88EE511A2A0A42D30071F3FA /* Main */ = {
			isa = PBXGroup;
			children = (
				885A05BD2A3255B200A6E681 /* TrackerOnboarding */,
				8885FFEC2A28D22900F686B2 /* TrackerCreation */,
				883846B22A25021100B0DB54 /* TrackerSchedule */,
				883846AD2A25002900B0DB54 /* TrackerCategory */,
				883846A82A24FF5D00B0DB54 /* TrackerCollection */,
				88EE51252A0A446B0071F3FA /* TrackerViewController.swift */,
				88EE51162A0A42570071F3FA /* TabBarViewController.swift */,
				88EE51182A0A429F0071F3FA /* StatisticsViewController.swift */,
			);
			path = Main;
			sourceTree = "<group>";
		};
		88EE51272A0A447B0071F3FA /* Models */ = {
			isa = PBXGroup;
			children = (
				8885FFDE2A27BE5B00F686B2 /* CoreData */,
				885AF3DD2A123F0F00A4E68F /* Tracker.swift */,
				885AF3DB2A123E9B00A4E68F /* TrackerCategory.swift */,
				885AF3D92A123E5600A4E68F /* DayOfWeek.swift */,
			);
			path = Models;
			sourceTree = "<group>";
		};
/* End PBXGroup section */

/* Begin PBXNativeTarget section */
		88EE50F92A0A41370071F3FA /* TrackerPracticum */ = {
			isa = PBXNativeTarget;
			buildConfigurationList = 88EE510E2A0A413B0071F3FA /* Build configuration list for PBXNativeTarget "TrackerPracticum" */;
			buildPhases = (
				88EE50F62A0A41370071F3FA /* Sources */,
				88EE50F72A0A41370071F3FA /* Frameworks */,
				88EE50F82A0A41370071F3FA /* Resources */,
			);
			buildRules = (
			);
			dependencies = (
			);
			name = TrackerPracticum;
			productName = TrackerPracticum;
			productReference = 88EE50FA2A0A41370071F3FA /* TrackerPracticum.app */;
			productType = "com.apple.product-type.application";
		};
/* End PBXNativeTarget section */

/* Begin PBXProject section */
		88EE50F22A0A41370071F3FA /* Project object */ = {
			isa = PBXProject;
			attributes = {
				BuildIndependentTargetsInParallel = 1;
				LastSwiftUpdateCheck = 1410;
				LastUpgradeCheck = 1410;
				TargetAttributes = {
					88EE50F92A0A41370071F3FA = {
						CreatedOnToolsVersion = 14.1;
					};
				};
			};
			buildConfigurationList = 88EE50F52A0A41370071F3FA /* Build configuration list for PBXProject "TrackerPracticum" */;
			compatibilityVersion = "Xcode 14.0";
			developmentRegion = en;
			hasScannedForEncodings = 0;
			knownRegions = (
				en,
				Base,
			);
			mainGroup = 88EE50F12A0A41370071F3FA;
			productRefGroup = 88EE50FB2A0A41370071F3FA /* Products */;
			projectDirPath = "";
			projectRoot = "";
			targets = (
				88EE50F92A0A41370071F3FA /* TrackerPracticum */,
			);
		};
/* End PBXProject section */

/* Begin PBXResourcesBuildPhase section */
		88EE50F82A0A41370071F3FA /* Resources */ = {
			isa = PBXResourcesBuildPhase;
			buildActionMask = 2147483647;
			files = (
				88EE510A2A0A413B0071F3FA /* LaunchScreen.storyboard in Resources */,
				88EE51072A0A413B0071F3FA /* Assets.xcassets in Resources */,
				88EE51052A0A41370071F3FA /* Main.storyboard in Resources */,
			);
			runOnlyForDeploymentPostprocessing = 0;
		};
/* End PBXResourcesBuildPhase section */

/* Begin PBXSourcesBuildPhase section */
		88EE50F62A0A41370071F3FA /* Sources */ = {
			isa = PBXSourcesBuildPhase;
			buildActionMask = 2147483647;
			files = (
				883846AA2A24FF9400B0DB54 /* TrackerCollectionView.swift in Sources */,
				885A05C42A325F7A00A6E681 /* EditCategoryViewController.swift in Sources */,
				8885FFE62A27BF1000F686B2 /* DatabaseManager.swift in Sources */,
				8885FFE02A27BE7300F686B2 /* TrackerStore.swift in Sources */,
				883049912A2119390058FBE8 /* CreateEventViewController.swift in Sources */,
				885A05C62A32601900A6E681 /* CategoryTableViewCell.swift in Sources */,
				885AF3DA2A123E5600A4E68F /* DayOfWeek.swift in Sources */,
				883846B62A2502EA00B0DB54 /* WeekDayViewCell.swift in Sources */,
				885AF3DE2A123F0F00A4E68F /* Tracker.swift in Sources */,
				88EE50FE2A0A41370071F3FA /* AppDelegate.swift in Sources */,
				88EE51002A0A41370071F3FA /* SceneDelegate.swift in Sources */,
				883846AF2A25007B00B0DB54 /* CategoryViewController.swift in Sources */,
				883846AC2A24FFEB00B0DB54 /* TrackerSupplementaryView.swift in Sources */,
				883846B42A25024C00B0DB54 /* ScheduleViewController.swift in Sources */,
				88EE51122A0A418F0071F3FA /* TextField.swift in Sources */,
				88EE51262A0A446B0071F3FA /* TrackerViewController.swift in Sources */,
				8885FFE92A27C3D500F686B2 /* TrackerEmojiColorView.swift in Sources */,
				885A05C82A32605D00A6E681 /* CategoryListView.swift in Sources */,
				88EE51172A0A42570071F3FA /* TabBarViewController.swift in Sources */,
				885A05BF2A3255CE00A6E681 /* OnboardingViewController.swift in Sources */,
				8885FFEB2A27C45F00F686B2 /* TrackerEmojiColorSupplementaryView.swift in Sources */,
				885AF3EF2A13834900A4E68F /* ColorConvert.swift in Sources */,
				88EE51142A0A41CF0071F3FA /* UIColors.swift in Sources */,
				88EE51242A0A44070071F3FA /* CreateTrackerViewController.swift in Sources */,
				8885FFDD2A27BE2D00F686B2 /* TrackerLibrary.xcdatamodeld in Sources */,
				8885FFE42A27BEEA00F686B2 /* TrackerRecordStore.swift in Sources */,
				8885FFE22A27BEBE00F686B2 /* TrackerCategoryStore.swift in Sources */,
				88EE51192A0A429F0071F3FA /* StatisticsViewController.swift in Sources */,
				885A05CA2A3260AA00A6E681 /* CategoryListViewModel.swift in Sources */,
				885AF3DC2A123E9B00A4E68F /* TrackerCategory.swift in Sources */,
				885A05C22A325F2C00A6E681 /* CreateCategoryViewController.swift in Sources */,
			);
			runOnlyForDeploymentPostprocessing = 0;
		};
/* End PBXSourcesBuildPhase section */

/* Begin PBXVariantGroup section */
		88EE51032A0A41370071F3FA /* Main.storyboard */ = {
			isa = PBXVariantGroup;
			children = (
				88EE51042A0A41370071F3FA /* Base */,
			);
			name = Main.storyboard;
			sourceTree = "<group>";
		};
		88EE51082A0A413B0071F3FA /* LaunchScreen.storyboard */ = {
			isa = PBXVariantGroup;
			children = (
				88EE51092A0A413B0071F3FA /* Base */,
			);
			name = LaunchScreen.storyboard;
			sourceTree = "<group>";
		};
/* End PBXVariantGroup section */

/* Begin XCBuildConfiguration section */
		88EE510C2A0A413B0071F3FA /* Debug */ = {
			isa = XCBuildConfiguration;
			buildSettings = {
				ALWAYS_SEARCH_USER_PATHS = NO;
				CLANG_ANALYZER_NONNULL = YES;
				CLANG_ANALYZER_NUMBER_OBJECT_CONVERSION = YES_AGGRESSIVE;
				CLANG_CXX_LANGUAGE_STANDARD = "gnu++20";
				CLANG_ENABLE_MODULES = YES;
				CLANG_ENABLE_OBJC_ARC = YES;
				CLANG_ENABLE_OBJC_WEAK = YES;
				CLANG_WARN_BLOCK_CAPTURE_AUTORELEASING = YES;
				CLANG_WARN_BOOL_CONVERSION = YES;
				CLANG_WARN_COMMA = YES;
				CLANG_WARN_CONSTANT_CONVERSION = YES;
				CLANG_WARN_DEPRECATED_OBJC_IMPLEMENTATIONS = YES;
				CLANG_WARN_DIRECT_OBJC_ISA_USAGE = YES_ERROR;
				CLANG_WARN_DOCUMENTATION_COMMENTS = YES;
				CLANG_WARN_EMPTY_BODY = YES;
				CLANG_WARN_ENUM_CONVERSION = YES;
				CLANG_WARN_INFINITE_RECURSION = YES;
				CLANG_WARN_INT_CONVERSION = YES;
				CLANG_WARN_NON_LITERAL_NULL_CONVERSION = YES;
				CLANG_WARN_OBJC_IMPLICIT_RETAIN_SELF = YES;
				CLANG_WARN_OBJC_LITERAL_CONVERSION = YES;
				CLANG_WARN_OBJC_ROOT_CLASS = YES_ERROR;
				CLANG_WARN_QUOTED_INCLUDE_IN_FRAMEWORK_HEADER = YES;
				CLANG_WARN_RANGE_LOOP_ANALYSIS = YES;
				CLANG_WARN_STRICT_PROTOTYPES = YES;
				CLANG_WARN_SUSPICIOUS_MOVE = YES;
				CLANG_WARN_UNGUARDED_AVAILABILITY = YES_AGGRESSIVE;
				CLANG_WARN_UNREACHABLE_CODE = YES;
				CLANG_WARN__DUPLICATE_METHOD_MATCH = YES;
				COPY_PHASE_STRIP = NO;
				DEBUG_INFORMATION_FORMAT = dwarf;
				ENABLE_STRICT_OBJC_MSGSEND = YES;
				ENABLE_TESTABILITY = YES;
				GCC_C_LANGUAGE_STANDARD = gnu11;
				GCC_DYNAMIC_NO_PIC = NO;
				GCC_NO_COMMON_BLOCKS = YES;
				GCC_OPTIMIZATION_LEVEL = 0;
				GCC_PREPROCESSOR_DEFINITIONS = (
					"DEBUG=1",
					"$(inherited)",
				);
				GCC_WARN_64_TO_32_BIT_CONVERSION = YES;
				GCC_WARN_ABOUT_RETURN_TYPE = YES_ERROR;
				GCC_WARN_UNDECLARED_SELECTOR = YES;
				GCC_WARN_UNINITIALIZED_AUTOS = YES_AGGRESSIVE;
				GCC_WARN_UNUSED_FUNCTION = YES;
				GCC_WARN_UNUSED_VARIABLE = YES;
				IPHONEOS_DEPLOYMENT_TARGET = 16.1;
				MTL_ENABLE_DEBUG_INFO = INCLUDE_SOURCE;
				MTL_FAST_MATH = YES;
				ONLY_ACTIVE_ARCH = YES;
				SDKROOT = iphoneos;
				SWIFT_ACTIVE_COMPILATION_CONDITIONS = DEBUG;
				SWIFT_OPTIMIZATION_LEVEL = "-Onone";
			};
			name = Debug;
		};
		88EE510D2A0A413B0071F3FA /* Release */ = {
			isa = XCBuildConfiguration;
			buildSettings = {
				ALWAYS_SEARCH_USER_PATHS = NO;
				CLANG_ANALYZER_NONNULL = YES;
				CLANG_ANALYZER_NUMBER_OBJECT_CONVERSION = YES_AGGRESSIVE;
				CLANG_CXX_LANGUAGE_STANDARD = "gnu++20";
				CLANG_ENABLE_MODULES = YES;
				CLANG_ENABLE_OBJC_ARC = YES;
				CLANG_ENABLE_OBJC_WEAK = YES;
				CLANG_WARN_BLOCK_CAPTURE_AUTORELEASING = YES;
				CLANG_WARN_BOOL_CONVERSION = YES;
				CLANG_WARN_COMMA = YES;
				CLANG_WARN_CONSTANT_CONVERSION = YES;
				CLANG_WARN_DEPRECATED_OBJC_IMPLEMENTATIONS = YES;
				CLANG_WARN_DIRECT_OBJC_ISA_USAGE = YES_ERROR;
				CLANG_WARN_DOCUMENTATION_COMMENTS = YES;
				CLANG_WARN_EMPTY_BODY = YES;
				CLANG_WARN_ENUM_CONVERSION = YES;
				CLANG_WARN_INFINITE_RECURSION = YES;
				CLANG_WARN_INT_CONVERSION = YES;
				CLANG_WARN_NON_LITERAL_NULL_CONVERSION = YES;
				CLANG_WARN_OBJC_IMPLICIT_RETAIN_SELF = YES;
				CLANG_WARN_OBJC_LITERAL_CONVERSION = YES;
				CLANG_WARN_OBJC_ROOT_CLASS = YES_ERROR;
				CLANG_WARN_QUOTED_INCLUDE_IN_FRAMEWORK_HEADER = YES;
				CLANG_WARN_RANGE_LOOP_ANALYSIS = YES;
				CLANG_WARN_STRICT_PROTOTYPES = YES;
				CLANG_WARN_SUSPICIOUS_MOVE = YES;
				CLANG_WARN_UNGUARDED_AVAILABILITY = YES_AGGRESSIVE;
				CLANG_WARN_UNREACHABLE_CODE = YES;
				CLANG_WARN__DUPLICATE_METHOD_MATCH = YES;
				COPY_PHASE_STRIP = NO;
				DEBUG_INFORMATION_FORMAT = "dwarf-with-dsym";
				ENABLE_NS_ASSERTIONS = NO;
				ENABLE_STRICT_OBJC_MSGSEND = YES;
				GCC_C_LANGUAGE_STANDARD = gnu11;
				GCC_NO_COMMON_BLOCKS = YES;
				GCC_WARN_64_TO_32_BIT_CONVERSION = YES;
				GCC_WARN_ABOUT_RETURN_TYPE = YES_ERROR;
				GCC_WARN_UNDECLARED_SELECTOR = YES;
				GCC_WARN_UNINITIALIZED_AUTOS = YES_AGGRESSIVE;
				GCC_WARN_UNUSED_FUNCTION = YES;
				GCC_WARN_UNUSED_VARIABLE = YES;
				IPHONEOS_DEPLOYMENT_TARGET = 16.1;
				MTL_ENABLE_DEBUG_INFO = NO;
				MTL_FAST_MATH = YES;
				SDKROOT = iphoneos;
				SWIFT_COMPILATION_MODE = wholemodule;
				SWIFT_OPTIMIZATION_LEVEL = "-O";
				VALIDATE_PRODUCT = YES;
			};
			name = Release;
		};
		88EE510F2A0A413B0071F3FA /* Debug */ = {
			isa = XCBuildConfiguration;
			buildSettings = {
				ASSETCATALOG_COMPILER_APPICON_NAME = AppIcon;
				ASSETCATALOG_COMPILER_GLOBAL_ACCENT_COLOR_NAME = AccentColor;
				CODE_SIGN_STYLE = Automatic;
				CURRENT_PROJECT_VERSION = 1;
				DEVELOPMENT_TEAM = B9RKYLWNDU;
				GENERATE_INFOPLIST_FILE = YES;
				INFOPLIST_FILE = TrackerPracticum/Info.plist;
				INFOPLIST_KEY_UIApplicationSupportsIndirectInputEvents = YES;
				INFOPLIST_KEY_UILaunchStoryboardName = LaunchScreen;
				INFOPLIST_KEY_UIMainStoryboardFile = Main;
				INFOPLIST_KEY_UISupportedInterfaceOrientations_iPad = "UIInterfaceOrientationPortrait UIInterfaceOrientationPortraitUpsideDown UIInterfaceOrientationLandscapeLeft UIInterfaceOrientationLandscapeRight";
				INFOPLIST_KEY_UISupportedInterfaceOrientations_iPhone = "UIInterfaceOrientationPortrait UIInterfaceOrientationLandscapeLeft UIInterfaceOrientationLandscapeRight";
				IPHONEOS_DEPLOYMENT_TARGET = 13.4;
				LD_RUNPATH_SEARCH_PATHS = (
					"$(inherited)",
					"@executable_path/Frameworks",
				);
				MARKETING_VERSION = 1.0;
				PRODUCT_BUNDLE_IDENTIFIER = ru.thenutscracker.TrackerPracticum;
				PRODUCT_NAME = "$(TARGET_NAME)";
				SWIFT_EMIT_LOC_STRINGS = YES;
				SWIFT_VERSION = 5.0;
				TARGETED_DEVICE_FAMILY = "1,2";
			};
			name = Debug;
		};
		88EE51102A0A413B0071F3FA /* Release */ = {
			isa = XCBuildConfiguration;
			buildSettings = {
				ASSETCATALOG_COMPILER_APPICON_NAME = AppIcon;
				ASSETCATALOG_COMPILER_GLOBAL_ACCENT_COLOR_NAME = AccentColor;
				CODE_SIGN_STYLE = Automatic;
				CURRENT_PROJECT_VERSION = 1;
				DEVELOPMENT_TEAM = B9RKYLWNDU;
				GENERATE_INFOPLIST_FILE = YES;
				INFOPLIST_FILE = TrackerPracticum/Info.plist;
				INFOPLIST_KEY_UIApplicationSupportsIndirectInputEvents = YES;
				INFOPLIST_KEY_UILaunchStoryboardName = LaunchScreen;
				INFOPLIST_KEY_UIMainStoryboardFile = Main;
				INFOPLIST_KEY_UISupportedInterfaceOrientations_iPad = "UIInterfaceOrientationPortrait UIInterfaceOrientationPortraitUpsideDown UIInterfaceOrientationLandscapeLeft UIInterfaceOrientationLandscapeRight";
				INFOPLIST_KEY_UISupportedInterfaceOrientations_iPhone = "UIInterfaceOrientationPortrait UIInterfaceOrientationLandscapeLeft UIInterfaceOrientationLandscapeRight";
				IPHONEOS_DEPLOYMENT_TARGET = 13.4;
				LD_RUNPATH_SEARCH_PATHS = (
					"$(inherited)",
					"@executable_path/Frameworks",
				);
				MARKETING_VERSION = 1.0;
				PRODUCT_BUNDLE_IDENTIFIER = ru.thenutscracker.TrackerPracticum;
				PRODUCT_NAME = "$(TARGET_NAME)";
				SWIFT_EMIT_LOC_STRINGS = YES;
				SWIFT_VERSION = 5.0;
				TARGETED_DEVICE_FAMILY = "1,2";
			};
			name = Release;
		};
/* End XCBuildConfiguration section */

/* Begin XCConfigurationList section */
		88EE50F52A0A41370071F3FA /* Build configuration list for PBXProject "TrackerPracticum" */ = {
			isa = XCConfigurationList;
			buildConfigurations = (
				88EE510C2A0A413B0071F3FA /* Debug */,
				88EE510D2A0A413B0071F3FA /* Release */,
			);
			defaultConfigurationIsVisible = 0;
			defaultConfigurationName = Release;
		};
		88EE510E2A0A413B0071F3FA /* Build configuration list for PBXNativeTarget "TrackerPracticum" */ = {
			isa = XCConfigurationList;
			buildConfigurations = (
				88EE510F2A0A413B0071F3FA /* Debug */,
				88EE51102A0A413B0071F3FA /* Release */,
			);
			defaultConfigurationIsVisible = 0;
			defaultConfigurationName = Release;
		};
/* End XCConfigurationList section */

/* Begin XCVersionGroup section */
		8885FFDB2A27BE2D00F686B2 /* TrackerLibrary.xcdatamodeld */ = {
			isa = XCVersionGroup;
			children = (
				8885FFDC2A27BE2D00F686B2 /* TrackerLibrary.xcdatamodel */,
			);
			currentVersion = 8885FFDC2A27BE2D00F686B2 /* TrackerLibrary.xcdatamodel */;
			path = TrackerLibrary.xcdatamodeld;
			sourceTree = "<group>";
			versionGroupType = wrapper.xcdatamodel;
		};
/* End XCVersionGroup section */
	};
	rootObject = 88EE50F22A0A41370071F3FA /* Project object */;
}
