// !$*UTF8*$!
{
	archiveVersion = 1;
	classes = {
	};
	objectVersion = 56;
	objects = {

/* Begin PBXBuildFile section */
		88EE50FE2A0A41370071F3FA /* AppDelegate.swift in Sources */ = {isa = PBXBuildFile; fileRef = 88EE50FD2A0A41370071F3FA /* AppDelegate.swift */; };
		88EE51002A0A41370071F3FA /* SceneDelegate.swift in Sources */ = {isa = PBXBuildFile; fileRef = 88EE50FF2A0A41370071F3FA /* SceneDelegate.swift */; };
		88EE51052A0A41370071F3FA /* Main.storyboard in Resources */ = {isa = PBXBuildFile; fileRef = 88EE51032A0A41370071F3FA /* Main.storyboard */; };
		88EE51072A0A413B0071F3FA /* Assets.xcassets in Resources */ = {isa = PBXBuildFile; fileRef = 88EE51062A0A413B0071F3FA /* Assets.xcassets */; };
		88EE510A2A0A413B0071F3FA /* LaunchScreen.storyboard in Resources */ = {isa = PBXBuildFile; fileRef = 88EE51082A0A413B0071F3FA /* LaunchScreen.storyboard */; };
		88EE51122A0A418F0071F3FA /* TextField.swift in Sources */ = {isa = PBXBuildFile; fileRef = 88EE51112A0A418F0071F3FA /* TextField.swift */; };
		88EE51142A0A41CF0071F3FA /* UIColors.swift in Sources */ = {isa = PBXBuildFile; fileRef = 88EE51132A0A41CF0071F3FA /* UIColors.swift */; };
		88EE51172A0A42570071F3FA /* TabBarViewController.swift in Sources */ = {isa = PBXBuildFile; fileRef = 88EE51162A0A42570071F3FA /* TabBarViewController.swift */; };
		88EE51192A0A429F0071F3FA /* StatisticsViewController.swift in Sources */ = {isa = PBXBuildFile; fileRef = 88EE51182A0A429F0071F3FA /* StatisticsViewController.swift */; };
		88EE511C2A0A42E50071F3FA /* CreateSchedule.swift in Sources */ = {isa = PBXBuildFile; fileRef = 88EE511B2A0A42E50071F3FA /* CreateSchedule.swift */; };
		88EE511E2A0A43290071F3FA /* Storage.swift in Sources */ = {isa = PBXBuildFile; fileRef = 88EE511D2A0A43290071F3FA /* Storage.swift */; };
		88EE51202A0A436B0071F3FA /* TrackerCell.swift in Sources */ = {isa = PBXBuildFile; fileRef = 88EE511F2A0A436B0071F3FA /* TrackerCell.swift */; };
		88EE51222A0A43910071F3FA /* CreateHabitViewController.swift in Sources */ = {isa = PBXBuildFile; fileRef = 88EE51212A0A43910071F3FA /* CreateHabitViewController.swift */; };
		88EE51242A0A44070071F3FA /* CreateTracker.swift in Sources */ = {isa = PBXBuildFile; fileRef = 88EE51232A0A44070071F3FA /* CreateTracker.swift */; };
		88EE51262A0A446B0071F3FA /* TrackerViewController.swift in Sources */ = {isa = PBXBuildFile; fileRef = 88EE51252A0A446B0071F3FA /* TrackerViewController.swift */; };
		88EE51292A0A44C00071F3FA /* Tracker.swift in Sources */ = {isa = PBXBuildFile; fileRef = 88EE51282A0A44C00071F3FA /* Tracker.swift */; };
/* End PBXBuildFile section */

/* Begin PBXFileReference section */
		88EE50FA2A0A41370071F3FA /* TrackerPracticum.app */ = {isa = PBXFileReference; explicitFileType = wrapper.application; includeInIndex = 0; path = TrackerPracticum.app; sourceTree = BUILT_PRODUCTS_DIR; };
		88EE50FD2A0A41370071F3FA /* AppDelegate.swift */ = {isa = PBXFileReference; lastKnownFileType = sourcecode.swift; path = AppDelegate.swift; sourceTree = "<group>"; };
		88EE50FF2A0A41370071F3FA /* SceneDelegate.swift */ = {isa = PBXFileReference; lastKnownFileType = sourcecode.swift; path = SceneDelegate.swift; sourceTree = "<group>"; };
		88EE51042A0A41370071F3FA /* Base */ = {isa = PBXFileReference; lastKnownFileType = file.storyboard; name = Base; path = Base.lproj/Main.storyboard; sourceTree = "<group>"; };
		88EE51062A0A413B0071F3FA /* Assets.xcassets */ = {isa = PBXFileReference; lastKnownFileType = folder.assetcatalog; path = Assets.xcassets; sourceTree = "<group>"; };
		88EE51092A0A413B0071F3FA /* Base */ = {isa = PBXFileReference; lastKnownFileType = file.storyboard; name = Base; path = Base.lproj/LaunchScreen.storyboard; sourceTree = "<group>"; };
		88EE510B2A0A413B0071F3FA /* Info.plist */ = {isa = PBXFileReference; lastKnownFileType = text.plist.xml; path = Info.plist; sourceTree = "<group>"; };
		88EE51112A0A418F0071F3FA /* TextField.swift */ = {isa = PBXFileReference; lastKnownFileType = sourcecode.swift; path = TextField.swift; sourceTree = "<group>"; };
		88EE51132A0A41CF0071F3FA /* UIColors.swift */ = {isa = PBXFileReference; lastKnownFileType = sourcecode.swift; path = UIColors.swift; sourceTree = "<group>"; };
		88EE51162A0A42570071F3FA /* TabBarViewController.swift */ = {isa = PBXFileReference; lastKnownFileType = sourcecode.swift; path = TabBarViewController.swift; sourceTree = "<group>"; };
		88EE51182A0A429F0071F3FA /* StatisticsViewController.swift */ = {isa = PBXFileReference; lastKnownFileType = sourcecode.swift; path = StatisticsViewController.swift; sourceTree = "<group>"; };
		88EE511B2A0A42E50071F3FA /* CreateSchedule.swift */ = {isa = PBXFileReference; lastKnownFileType = sourcecode.swift; path = CreateSchedule.swift; sourceTree = "<group>"; };
		88EE511D2A0A43290071F3FA /* Storage.swift */ = {isa = PBXFileReference; lastKnownFileType = sourcecode.swift; path = Storage.swift; sourceTree = "<group>"; };
		88EE511F2A0A436B0071F3FA /* TrackerCell.swift */ = {isa = PBXFileReference; lastKnownFileType = sourcecode.swift; path = TrackerCell.swift; sourceTree = "<group>"; };
		88EE51212A0A43910071F3FA /* CreateHabitViewController.swift */ = {isa = PBXFileReference; lastKnownFileType = sourcecode.swift; path = CreateHabitViewController.swift; sourceTree = "<group>"; };
		88EE51232A0A44070071F3FA /* CreateTracker.swift */ = {isa = PBXFileReference; lastKnownFileType = sourcecode.swift; path = CreateTracker.swift; sourceTree = "<group>"; };
		88EE51252A0A446B0071F3FA /* TrackerViewController.swift */ = {isa = PBXFileReference; lastKnownFileType = sourcecode.swift; path = TrackerViewController.swift; sourceTree = "<group>"; };
		88EE51282A0A44C00071F3FA /* Tracker.swift */ = {isa = PBXFileReference; lastKnownFileType = sourcecode.swift; path = Tracker.swift; sourceTree = "<group>"; };
/* End PBXFileReference section */

/* Begin PBXFrameworksBuildPhase section */
		88EE50F72A0A41370071F3FA /* Frameworks */ = {
			isa = PBXFrameworksBuildPhase;
			buildActionMask = 2147483647;
			files = (
			);
			runOnlyForDeploymentPostprocessing = 0;
		};
/* End PBXFrameworksBuildPhase section */

/* Begin PBXGroup section */
		88EE50F12A0A41370071F3FA = {
			isa = PBXGroup;
			children = (
				88EE50FC2A0A41370071F3FA /* TrackerPracticum */,
				88EE50FB2A0A41370071F3FA /* Products */,
			);
			sourceTree = "<group>";
		};
		88EE50FB2A0A41370071F3FA /* Products */ = {
			isa = PBXGroup;
			children = (
				88EE50FA2A0A41370071F3FA /* TrackerPracticum.app */,
			);
			name = Products;
			sourceTree = "<group>";
		};
		88EE50FC2A0A41370071F3FA /* TrackerPracticum */ = {
			isa = PBXGroup;
			children = (
				88EE51272A0A447B0071F3FA /* Models */,
				88EE51152A0A42060071F3FA /* Tools */,
				88EE50FD2A0A41370071F3FA /* AppDelegate.swift */,
				88EE50FF2A0A41370071F3FA /* SceneDelegate.swift */,
				88EE51162A0A42570071F3FA /* TabBarViewController.swift */,
				88EE51182A0A429F0071F3FA /* StatisticsViewController.swift */,
				88EE511A2A0A42D30071F3FA /* Main */,
				88EE51032A0A41370071F3FA /* Main.storyboard */,
				88EE51062A0A413B0071F3FA /* Assets.xcassets */,
				88EE51082A0A413B0071F3FA /* LaunchScreen.storyboard */,
				88EE510B2A0A413B0071F3FA /* Info.plist */,
			);
			path = TrackerPracticum;
			sourceTree = "<group>";
		};
		88EE51152A0A42060071F3FA /* Tools */ = {
			isa = PBXGroup;
			children = (
				88EE51132A0A41CF0071F3FA /* UIColors.swift */,
				88EE51112A0A418F0071F3FA /* TextField.swift */,
			);
			path = Tools;
			sourceTree = "<group>";
		};
		88EE511A2A0A42D30071F3FA /* Main */ = {
			isa = PBXGroup;
			children = (
				88EE511B2A0A42E50071F3FA /* CreateSchedule.swift */,
				88EE511D2A0A43290071F3FA /* Storage.swift */,
				88EE511F2A0A436B0071F3FA /* TrackerCell.swift */,
				88EE51212A0A43910071F3FA /* CreateHabitViewController.swift */,
				88EE51232A0A44070071F3FA /* CreateTracker.swift */,
				88EE51252A0A446B0071F3FA /* TrackerViewController.swift */,
			);
			path = Main;
			sourceTree = "<group>";
		};
		88EE51272A0A447B0071F3FA /* Models */ = {
			isa = PBXGroup;
			children = (
				88EE51282A0A44C00071F3FA /* Tracker.swift */,
			);
			path = Models;
			sourceTree = "<group>";
		};
/* End PBXGroup section */

/* Begin PBXNativeTarget section */
		88EE50F92A0A41370071F3FA /* TrackerPracticum */ = {
			isa = PBXNativeTarget;
			buildConfigurationList = 88EE510E2A0A413B0071F3FA /* Build configuration list for PBXNativeTarget "TrackerPracticum" */;
			buildPhases = (
				88EE50F62A0A41370071F3FA /* Sources */,
				88EE50F72A0A41370071F3FA /* Frameworks */,
				88EE50F82A0A41370071F3FA /* Resources */,
			);
			buildRules = (
			);
			dependencies = (
			);
			name = TrackerPracticum;
			productName = TrackerPracticum;
			productReference = 88EE50FA2A0A41370071F3FA /* TrackerPracticum.app */;
			productType = "com.apple.product-type.application";
		};
/* End PBXNativeTarget section */

/* Begin PBXProject section */
		88EE50F22A0A41370071F3FA /* Project object */ = {
			isa = PBXProject;
			attributes = {
				BuildIndependentTargetsInParallel = 1;
				LastSwiftUpdateCheck = 1410;
				LastUpgradeCheck = 1410;
				TargetAttributes = {
					88EE50F92A0A41370071F3FA = {
						CreatedOnToolsVersion = 14.1;
					};
				};
			};
			buildConfigurationList = 88EE50F52A0A41370071F3FA /* Build configuration list for PBXProject "TrackerPracticum" */;
			compatibilityVersion = "Xcode 14.0";
			developmentRegion = en;
			hasScannedForEncodings = 0;
			knownRegions = (
				en,
				Base,
			);
			mainGroup = 88EE50F12A0A41370071F3FA;
			productRefGroup = 88EE50FB2A0A41370071F3FA /* Products */;
			projectDirPath = "";
			projectRoot = "";
			targets = (
				88EE50F92A0A41370071F3FA /* TrackerPracticum */,
			);
		};
/* End PBXProject section */

/* Begin PBXResourcesBuildPhase section */
		88EE50F82A0A41370071F3FA /* Resources */ = {
			isa = PBXResourcesBuildPhase;
			buildActionMask = 2147483647;
			files = (
				88EE510A2A0A413B0071F3FA /* LaunchScreen.storyboard in Resources */,
				88EE51072A0A413B0071F3FA /* Assets.xcassets in Resources */,
				88EE51052A0A41370071F3FA /* Main.storyboard in Resources */,
			);
			runOnlyForDeploymentPostprocessing = 0;
		};
/* End PBXResourcesBuildPhase section */

/* Begin PBXSourcesBuildPhase section */
		88EE50F62A0A41370071F3FA /* Sources */ = {
			isa = PBXSourcesBuildPhase;
			buildActionMask = 2147483647;
			files = (
				88EE51202A0A436B0071F3FA /* TrackerCell.swift in Sources */,
				88EE51292A0A44C00071F3FA /* Tracker.swift in Sources */,
				88EE511C2A0A42E50071F3FA /* CreateSchedule.swift in Sources */,
				88EE50FE2A0A41370071F3FA /* AppDelegate.swift in Sources */,
				88EE51002A0A41370071F3FA /* SceneDelegate.swift in Sources */,
				88EE51222A0A43910071F3FA /* CreateHabitViewController.swift in Sources */,
				88EE51122A0A418F0071F3FA /* TextField.swift in Sources */,
				88EE511E2A0A43290071F3FA /* Storage.swift in Sources */,
				88EE51262A0A446B0071F3FA /* TrackerViewController.swift in Sources */,
				88EE51172A0A42570071F3FA /* TabBarViewController.swift in Sources */,
				88EE51142A0A41CF0071F3FA /* UIColors.swift in Sources */,
				88EE51242A0A44070071F3FA /* CreateTracker.swift in Sources */,
				88EE51192A0A429F0071F3FA /* StatisticsViewController.swift in Sources */,
			);
			runOnlyForDeploymentPostprocessing = 0;
		};
/* End PBXSourcesBuildPhase section */

/* Begin PBXVariantGroup section */
		88EE51032A0A41370071F3FA /* Main.storyboard */ = {
			isa = PBXVariantGroup;
			children = (
				88EE51042A0A41370071F3FA /* Base */,
			);
			name = Main.storyboard;
			sourceTree = "<group>";
		};
		88EE51082A0A413B0071F3FA /* LaunchScreen.storyboard */ = {
			isa = PBXVariantGroup;
			children = (
				88EE51092A0A413B0071F3FA /* Base */,
			);
			name = LaunchScreen.storyboard;
			sourceTree = "<group>";
		};
/* End PBXVariantGroup section */

/* Begin XCBuildConfiguration section */
		88EE510C2A0A413B0071F3FA /* Debug */ = {
			isa = XCBuildConfiguration;
			buildSettings = {
				ALWAYS_SEARCH_USER_PATHS = NO;
				CLANG_ANALYZER_NONNULL = YES;
				CLANG_ANALYZER_NUMBER_OBJECT_CONVERSION = YES_AGGRESSIVE;
				CLANG_CXX_LANGUAGE_STANDARD = "gnu++20";
				CLANG_ENABLE_MODULES = YES;
				CLANG_ENABLE_OBJC_ARC = YES;
				CLANG_ENABLE_OBJC_WEAK = YES;
				CLANG_WARN_BLOCK_CAPTURE_AUTORELEASING = YES;
				CLANG_WARN_BOOL_CONVERSION = YES;
				CLANG_WARN_COMMA = YES;
				CLANG_WARN_CONSTANT_CONVERSION = YES;
				CLANG_WARN_DEPRECATED_OBJC_IMPLEMENTATIONS = YES;
				CLANG_WARN_DIRECT_OBJC_ISA_USAGE = YES_ERROR;
				CLANG_WARN_DOCUMENTATION_COMMENTS = YES;
				CLANG_WARN_EMPTY_BODY = YES;
				CLANG_WARN_ENUM_CONVERSION = YES;
				CLANG_WARN_INFINITE_RECURSION = YES;
				CLANG_WARN_INT_CONVERSION = YES;
				CLANG_WARN_NON_LITERAL_NULL_CONVERSION = YES;
				CLANG_WARN_OBJC_IMPLICIT_RETAIN_SELF = YES;
				CLANG_WARN_OBJC_LITERAL_CONVERSION = YES;
				CLANG_WARN_OBJC_ROOT_CLASS = YES_ERROR;
				CLANG_WARN_QUOTED_INCLUDE_IN_FRAMEWORK_HEADER = YES;
				CLANG_WARN_RANGE_LOOP_ANALYSIS = YES;
				CLANG_WARN_STRICT_PROTOTYPES = YES;
				CLANG_WARN_SUSPICIOUS_MOVE = YES;
				CLANG_WARN_UNGUARDED_AVAILABILITY = YES_AGGRESSIVE;
				CLANG_WARN_UNREACHABLE_CODE = YES;
				CLANG_WARN__DUPLICATE_METHOD_MATCH = YES;
				COPY_PHASE_STRIP = NO;
				DEBUG_INFORMATION_FORMAT = dwarf;
				ENABLE_STRICT_OBJC_MSGSEND = YES;
				ENABLE_TESTABILITY = YES;
				GCC_C_LANGUAGE_STANDARD = gnu11;
				GCC_DYNAMIC_NO_PIC = NO;
				GCC_NO_COMMON_BLOCKS = YES;
				GCC_OPTIMIZATION_LEVEL = 0;
				GCC_PREPROCESSOR_DEFINITIONS = (
					"DEBUG=1",
					"$(inherited)",
				);
				GCC_WARN_64_TO_32_BIT_CONVERSION = YES;
				GCC_WARN_ABOUT_RETURN_TYPE = YES_ERROR;
				GCC_WARN_UNDECLARED_SELECTOR = YES;
				GCC_WARN_UNINITIALIZED_AUTOS = YES_AGGRESSIVE;
				GCC_WARN_UNUSED_FUNCTION = YES;
				GCC_WARN_UNUSED_VARIABLE = YES;
				IPHONEOS_DEPLOYMENT_TARGET = 16.1;
				MTL_ENABLE_DEBUG_INFO = INCLUDE_SOURCE;
				MTL_FAST_MATH = YES;
				ONLY_ACTIVE_ARCH = YES;
				SDKROOT = iphoneos;
				SWIFT_ACTIVE_COMPILATION_CONDITIONS = DEBUG;
				SWIFT_OPTIMIZATION_LEVEL = "-Onone";
			};
			name = Debug;
		};
		88EE510D2A0A413B0071F3FA /* Release */ = {
			isa = XCBuildConfiguration;
			buildSettings = {
				ALWAYS_SEARCH_USER_PATHS = NO;
				CLANG_ANALYZER_NONNULL = YES;
				CLANG_ANALYZER_NUMBER_OBJECT_CONVERSION = YES_AGGRESSIVE;
				CLANG_CXX_LANGUAGE_STANDARD = "gnu++20";
				CLANG_ENABLE_MODULES = YES;
				CLANG_ENABLE_OBJC_ARC = YES;
				CLANG_ENABLE_OBJC_WEAK = YES;
				CLANG_WARN_BLOCK_CAPTURE_AUTORELEASING = YES;
				CLANG_WARN_BOOL_CONVERSION = YES;
				CLANG_WARN_COMMA = YES;
				CLANG_WARN_CONSTANT_CONVERSION = YES;
				CLANG_WARN_DEPRECATED_OBJC_IMPLEMENTATIONS = YES;
				CLANG_WARN_DIRECT_OBJC_ISA_USAGE = YES_ERROR;
				CLANG_WARN_DOCUMENTATION_COMMENTS = YES;
				CLANG_WARN_EMPTY_BODY = YES;
				CLANG_WARN_ENUM_CONVERSION = YES;
				CLANG_WARN_INFINITE_RECURSION = YES;
				CLANG_WARN_INT_CONVERSION = YES;
				CLANG_WARN_NON_LITERAL_NULL_CONVERSION = YES;
				CLANG_WARN_OBJC_IMPLICIT_RETAIN_SELF = YES;
				CLANG_WARN_OBJC_LITERAL_CONVERSION = YES;
				CLANG_WARN_OBJC_ROOT_CLASS = YES_ERROR;
				CLANG_WARN_QUOTED_INCLUDE_IN_FRAMEWORK_HEADER = YES;
				CLANG_WARN_RANGE_LOOP_ANALYSIS = YES;
				CLANG_WARN_STRICT_PROTOTYPES = YES;
				CLANG_WARN_SUSPICIOUS_MOVE = YES;
				CLANG_WARN_UNGUARDED_AVAILABILITY = YES_AGGRESSIVE;
				CLANG_WARN_UNREACHABLE_CODE = YES;
				CLANG_WARN__DUPLICATE_METHOD_MATCH = YES;
				COPY_PHASE_STRIP = NO;
				DEBUG_INFORMATION_FORMAT = "dwarf-with-dsym";
				ENABLE_NS_ASSERTIONS = NO;
				ENABLE_STRICT_OBJC_MSGSEND = YES;
				GCC_C_LANGUAGE_STANDARD = gnu11;
				GCC_NO_COMMON_BLOCKS = YES;
				GCC_WARN_64_TO_32_BIT_CONVERSION = YES;
				GCC_WARN_ABOUT_RETURN_TYPE = YES_ERROR;
				GCC_WARN_UNDECLARED_SELECTOR = YES;
				GCC_WARN_UNINITIALIZED_AUTOS = YES_AGGRESSIVE;
				GCC_WARN_UNUSED_FUNCTION = YES;
				GCC_WARN_UNUSED_VARIABLE = YES;
				IPHONEOS_DEPLOYMENT_TARGET = 16.1;
				MTL_ENABLE_DEBUG_INFO = NO;
				MTL_FAST_MATH = YES;
				SDKROOT = iphoneos;
				SWIFT_COMPILATION_MODE = wholemodule;
				SWIFT_OPTIMIZATION_LEVEL = "-O";
				VALIDATE_PRODUCT = YES;
			};
			name = Release;
		};
		88EE510F2A0A413B0071F3FA /* Debug */ = {
			isa = XCBuildConfiguration;
			buildSettings = {
				ASSETCATALOG_COMPILER_APPICON_NAME = AppIcon;
				ASSETCATALOG_COMPILER_GLOBAL_ACCENT_COLOR_NAME = AccentColor;
				CODE_SIGN_STYLE = Automatic;
				CURRENT_PROJECT_VERSION = 1;
				DEVELOPMENT_TEAM = B9RKYLWNDU;
				GENERATE_INFOPLIST_FILE = YES;
				INFOPLIST_FILE = TrackerPracticum/Info.plist;
				INFOPLIST_KEY_UIApplicationSupportsIndirectInputEvents = YES;
				INFOPLIST_KEY_UILaunchStoryboardName = LaunchScreen;
				INFOPLIST_KEY_UIMainStoryboardFile = Main;
				INFOPLIST_KEY_UISupportedInterfaceOrientations_iPad = "UIInterfaceOrientationPortrait UIInterfaceOrientationPortraitUpsideDown UIInterfaceOrientationLandscapeLeft UIInterfaceOrientationLandscapeRight";
				INFOPLIST_KEY_UISupportedInterfaceOrientations_iPhone = "UIInterfaceOrientationPortrait UIInterfaceOrientationLandscapeLeft UIInterfaceOrientationLandscapeRight";
				LD_RUNPATH_SEARCH_PATHS = (
					"$(inherited)",
					"@executable_path/Frameworks",
				);
				MARKETING_VERSION = 1.0;
				PRODUCT_BUNDLE_IDENTIFIER = ru.thenutscracker.TrackerPracticum;
				PRODUCT_NAME = "$(TARGET_NAME)";
				SWIFT_EMIT_LOC_STRINGS = YES;
				SWIFT_VERSION = 5.0;
				TARGETED_DEVICE_FAMILY = "1,2";
			};
			name = Debug;
		};
		88EE51102A0A413B0071F3FA /* Release */ = {
			isa = XCBuildConfiguration;
			buildSettings = {
				ASSETCATALOG_COMPILER_APPICON_NAME = AppIcon;
				ASSETCATALOG_COMPILER_GLOBAL_ACCENT_COLOR_NAME = AccentColor;
				CODE_SIGN_STYLE = Automatic;
				CURRENT_PROJECT_VERSION = 1;
				DEVELOPMENT_TEAM = B9RKYLWNDU;
				GENERATE_INFOPLIST_FILE = YES;
				INFOPLIST_FILE = TrackerPracticum/Info.plist;
				INFOPLIST_KEY_UIApplicationSupportsIndirectInputEvents = YES;
				INFOPLIST_KEY_UILaunchStoryboardName = LaunchScreen;
				INFOPLIST_KEY_UIMainStoryboardFile = Main;
				INFOPLIST_KEY_UISupportedInterfaceOrientations_iPad = "UIInterfaceOrientationPortrait UIInterfaceOrientationPortraitUpsideDown UIInterfaceOrientationLandscapeLeft UIInterfaceOrientationLandscapeRight";
				INFOPLIST_KEY_UISupportedInterfaceOrientations_iPhone = "UIInterfaceOrientationPortrait UIInterfaceOrientationLandscapeLeft UIInterfaceOrientationLandscapeRight";
				LD_RUNPATH_SEARCH_PATHS = (
					"$(inherited)",
					"@executable_path/Frameworks",
				);
				MARKETING_VERSION = 1.0;
				PRODUCT_BUNDLE_IDENTIFIER = ru.thenutscracker.TrackerPracticum;
				PRODUCT_NAME = "$(TARGET_NAME)";
				SWIFT_EMIT_LOC_STRINGS = YES;
				SWIFT_VERSION = 5.0;
				TARGETED_DEVICE_FAMILY = "1,2";
			};
			name = Release;
		};
/* End XCBuildConfiguration section */

/* Begin XCConfigurationList section */
		88EE50F52A0A41370071F3FA /* Build configuration list for PBXProject "TrackerPracticum" */ = {
			isa = XCConfigurationList;
			buildConfigurations = (
				88EE510C2A0A413B0071F3FA /* Debug */,
				88EE510D2A0A413B0071F3FA /* Release */,
			);
			defaultConfigurationIsVisible = 0;
			defaultConfigurationName = Release;
		};
		88EE510E2A0A413B0071F3FA /* Build configuration list for PBXNativeTarget "TrackerPracticum" */ = {
			isa = XCConfigurationList;
			buildConfigurations = (
				88EE510F2A0A413B0071F3FA /* Debug */,
				88EE51102A0A413B0071F3FA /* Release */,
			);
			defaultConfigurationIsVisible = 0;
			defaultConfigurationName = Release;
		};
/* End XCConfigurationList section */
	};
	rootObject = 88EE50F22A0A41370071F3FA /* Project object */;
}
